
Microsoft Visual Studio Solution File, Format Version 12.00
# Visual Studio Version 17
VisualStudioVersion = 17.2.32630.192
MinimumVisualStudioVersion = 10.0.40219.1
Project("{FAE04EC0-301F-11D3-BF4B-00C04F79EFBC}") = "RecompenseAPI", "RecompenseAPI\RecompenseAPI.csproj", "{1AB8A270-6713-44CB-80F0-5A8DCEAA903C}"
EndProject
Project("{FAE04EC0-301F-11D3-BF4B-00C04F79EFBC}") = "RecompenseTest", "RecompenseTest\RecompenseTest.csproj", "{68B3F792-C468-4F8D-86DF-DBC46EDDBA5F}"
EndProject
Global
	GlobalSection(SolutionConfigurationPlatforms) = preSolution
		Debug|Any CPU = Debug|Any CPU
		Release|Any CPU = Release|Any CPU
	EndGlobalSection
	GlobalSection(ProjectConfigurationPlatforms) = postSolution
		{1AB8A270-6713-44CB-80F0-5A8DCEAA903C}.Debug|Any CPU.ActiveCfg = Debug|Any CPU
		{1AB8A270-6713-44CB-80F0-5A8DCEAA903C}.Debug|Any CPU.Build.0 = Debug|Any CPU
		{1AB8A270-6713-44CB-80F0-5A8DCEAA903C}.Release|Any CPU.ActiveCfg = Release|Any CPU
		{1AB8A270-6713-44CB-80F0-5A8DCEAA903C}.Release|Any CPU.Build.0 = Release|Any CPU
		{68B3F792-C468-4F8D-86DF-DBC46EDDBA5F}.Debug|Any CPU.ActiveCfg = Debug|Any CPU
		{68B3F792-C468-4F8D-86DF-DBC46EDDBA5F}.Debug|Any CPU.Build.0 = Debug|Any CPU
		{68B3F792-C468-4F8D-86DF-DBC46EDDBA5F}.Release|Any CPU.ActiveCfg = Release|Any CPU
		{68B3F792-C468-4F8D-86DF-DBC46EDDBA5F}.Release|Any CPU.Build.0 = Release|Any CPU
	EndGlobalSection
	GlobalSection(SolutionProperties) = preSolution
		HideSolutionNode = FALSE
	EndGlobalSection
	GlobalSection(ExtensibilityGlobals) = postSolution
		SolutionGuid = {64985FBC-2ED6-4068-965F-0379A0682ED8}
	EndGlobalSection
EndGlobal
